# This file is automatically @generated by Cargo.
# It is not intended for manual editing.
version = 4

[[package]]
name = "async-lab-00-async-mental-model"
version = "0.1.0"

[[package]]
name = "async-lab-01-futures"
version = "0.1.0"

[[package]]
name = "async-lab-02-state-machines-pin"
version = "0.1.0"

[[package]]
name = "async-lab-03-wakers"
version = "0.1.0"

[[package]]
name = "async-lab-04-mini-executor"
version = "0.1.0"

[[package]]
name = "async-lab-05-runtime-reactor"
version = "0.1.0"

[[package]]
name = "async-lab-06-tokio-runtime"
version = "0.1.0"

[[package]]
name = "async-lab-07-tasks-concurrency"
version = "0.1.0"

[[package]]
name = "async-lab-08-channels"
version = "0.1.0"

[[package]]
name = "async-lab-09-synchronization"
version = "0.1.0"

[[package]]
name = "async-lab-10-async-io"
version = "0.1.0"

[[package]]
name = "async-lab-11-cancellation-backpressure"
version = "0.1.0"

[[package]]
name = "async-lab-12-scheduling"
version = "0.1.0"

[[package]]
name = "async-lab-13-observability-testing"
version = "0.1.0"

[[package]]
name = "async-lab-14-runtime-internals"
version = "0.1.0"

[[package]]
name = "async-lab-15-performance"
version = "0.1.0"

[[package]]
name = "async-lab-16-capstone"
version = "0.1.0"
