# This file is automatically @generated by Cargo.
# It is not intended for manual editing.
version = 4

[[package]]
name = "async-lab-00-async-mental-model"
version = "0.1.0"

[[package]]
name = "async-lab-01-futures"
version = "0.1.0"

[[package]]
name = "async-lab-02-state-machines-pin"
version = "0.1.0"

[[package]]
name = "async-lab-03-wakers"
version = "0.1.0"

[[package]]
name = "async-lab-04-mini-executor"
version = "0.1.0"

[[package]]
name = "async-lab-05-runtime-reactor"
version = "0.1.0"

[[package]]
name = "async-lab-06-tokio-runtime"
version = "0.1.0"

[[package]]
name = "async-lab-07-tasks-concurrency"
version = "0.1.0"

[[package]]
name = "async-lab-08-channels"
version = "0.1.0"

[[package]]
name = "async-lab-09-synchronization"
version = "0.1.0"

[[package]]
name = "async-lab-10-async-io"
version = "0.1.0"

[[package]]
name = "async-lab-11-cancellation-backpressure"
version = "0.1.0"

[[package]]
name = "async-lab-12-scheduling"
version = "0.1.0"

[[package]]
name = "async-lab-13-observability-testing"
version = "0.1.0"

[[package]]
name = "async-lab-14-runtime-internals"
version = "0.1.0"

[[package]]
name = "async-lab-15-performance"
version = "0.1.0"

[[package]]
name = "async-lab-16-capstone"
version = "0.1.0"

[[package]]
name = "async-lab-cli"
version = "0.1.0"
dependencies = [
 "spinners",
]

[[package]]
name = "heck"
version = "0.4.1"
source = "registry+https://github.com/rust-lang/crates.io-index"
checksum = "95505c38b4572b2d910cecb0281560f54b440a19336cbbcb27bf6ce6adc6f5a8"

[[package]]
name = "lazy_static"
version = "1.5.0"
source = "registry+https://github.com/rust-lang/crates.io-index"
checksum = "bbd2bcb4c963f2ddae06a2efc7e9f3591312473c50c6685e1f298068316e66fe"

[[package]]
name = "maplit"
version = "1.0.2"
source = "registry+https://github.com/rust-lang/crates.io-index"
checksum = "3e2e65a1a2e43cfcb47a895c4c8b10d1f4a61097f9f254f183aee60cad9c651d"

[[package]]
name = "proc-macro2"
version = "1.0.107"
source = "registry+https://github.com/rust-lang/crates.io-index"
checksum = "985e7ec9bb745e6ce6535b544d84d6cd6f7ad8bd711c398938ae983b91a766d9"
dependencies = [
 "unicode-ident",
]

[[package]]
name = "quote"
version = "1.0.47"
source = "registry+https://github.com/rust-lang/crates.io-index"
checksum = "1fbf4db142a473a8d80c26bbf18454ed458bf8d26c8219c331daecfdbd079001"
dependencies = [
 "proc-macro2",
]

[[package]]
name = "rustversion"
version = "1.0.23"
source = "registry+https://github.com/rust-lang/crates.io-index"
checksum = "cf54715a573b99ac80df0bc206da022bcd442c974952c7b9720069370852e21f"

[[package]]
name = "spinners"
version = "4.2.0"
source = "registry+https://github.com/rust-lang/crates.io-index"
checksum = "071af1a9d34b78b8db3ca4424b0ea4d87052d607dbe96287aebaccd596cabc86"
dependencies = [
 "lazy_static",
 "maplit",
 "strum",
]

[[package]]
name = "strum"
version = "0.24.1"
source = "registry+https://github.com/rust-lang/crates.io-index"
checksum = "063e6045c0e62079840579a7e47a355ae92f60eb74daaf156fb1e84ba164e63f"
dependencies = [
 "strum_macros",
]

[[package]]
name = "strum_macros"
version = "0.24.3"
source = "registry+https://github.com/rust-lang/crates.io-index"
checksum = "1e385be0d24f186b4ce2f9982191e7101bb737312ad61c1f2f984f34bcf85d59"
dependencies = [
 "heck",
 "proc-macro2",
 "quote",
 "rustversion",
 "syn",
]

[[package]]
name = "syn"
version = "1.0.109"
source = "registry+https://github.com/rust-lang/crates.io-index"
checksum = "72b64191b275b66ffe2469e8af2c1cfe3bafa67b529ead792a6d0160888b4237"
dependencies = [
 "proc-macro2",
 "quote",
 "unicode-ident",
]

[[package]]
name = "unicode-ident"
version = "1.0.24"
source = "registry+https://github.com/rust-lang/crates.io-index"
checksum = "e6e4313cd5fcd3dad5cafa179702e2b244f760991f45397d14d4ebf38247da75"
